{
  "requires": true,
  "lockfileVersion": 1,
  "dependencies": {
    "jsencrypt": {
      "version": "3.0.1",
      "resolved": "https://registry.npmjs.org/jsencrypt/-/jsencrypt-3.0.1.tgz",
      "integrity": "sha512-5PJ5I1H3bzlcsKNQasifJ7KkgLMv80JaR22o6hq41niaTvQPISbnmI+Me+1PJMi1YXu53bWi6JiVa0k+PQfyQA=="
    }
  }
}
